// !$*UTF8*$!
{
	archiveVersion = 1;
	classes = {
	};
	objectVersion = 50;
	objects = {

/* Begin PBXBuildFile section */
		63DF6C892288657C0050F72F /* AppDelegate.swift in Sources */ = {isa = PBXBuildFile; fileRef = 63DF6C882288657C0050F72F /* AppDelegate.swift */; };
		63DF6C8B2288657C0050F72F /* ViewController.swift in Sources */ = {isa = PBXBuildFile; fileRef = 63DF6C8A2288657C0050F72F /* ViewController.swift */; };
		63DF6C8E2288657C0050F72F /* Main.storyboard in Resources */ = {isa = PBXBuildFile; fileRef = 63DF6C8C2288657C0050F72F /* Main.storyboard */; };
		63DF6C902288657D0050F72F /* Assets.xcassets in Resources */ = {isa = PBXBuildFile; fileRef = 63DF6C8F2288657D0050F72F /* Assets.xcassets */; };
		63DF6C932288657D0050F72F /* LaunchScreen.storyboard in Resources */ = {isa = PBXBuildFile; fileRef = 63DF6C912288657D0050F72F /* LaunchScreen.storyboard */; };
		63DF6C9D228866150050F72F /* StickyHeaderCollectionViewcontroller.swift in Sources */ = {isa = PBXBuildFile; fileRef = 63DF6C9C228866150050F72F /* StickyHeaderCollectionViewcontroller.swift */; };
		63DF6C9F22886BE50050F72F /* UICollectionViewHeaderView.swift in Sources */ = {isa = PBXBuildFile; fileRef = 63DF6C9E22886BE50050F72F /* UICollectionViewHeaderView.swift */; };
		63DF6CA5228873A10050F72F /* CustomCollectionViewFlowLayout.swift in Sources */ = {isa = PBXBuildFile; fileRef = 63DF6CA4228873A10050F72F /* CustomCollectionViewFlowLayout.swift */; };
/* End PBXBuildFile section */

/* Begin PBXFileReference section */
		63DF6C852288657C0050F72F /* UICollectionViewHeaderSticky.app */ = {isa = PBXFileReference; explicitFileType = wrapper.application; includeInIndex = 0; path = UICollectionViewHeaderSticky.app; sourceTree = BUILT_PRODUCTS_DIR; };
		63DF6C882288657C0050F72F /* AppDelegate.swift */ = {isa = PBXFileReference; lastKnownFileType = sourcecode.swift; path = AppDelegate.swift; sourceTree = "<group>"; };
		63DF6C8A2288657C0050F72F /* ViewController.swift */ = {isa = PBXFileReference; lastKnownFileType = sourcecode.swift; path = ViewController.swift; sourceTree = "<group>"; };
		63DF6C8D2288657C0050F72F /* Base */ = {isa = PBXFileReference; lastKnownFileType = file.storyboard; name = Base; path = Base.lproj/Main.storyboard; sourceTree = "<group>"; };
		63DF6C8F2288657D0050F72F /* Assets.xcassets */ = {isa = PBXFileReference; lastKnownFileType = folder.assetcatalog; path = Assets.xcassets; sourceTree = "<group>"; };
		63DF6C922288657D0050F72F /* Base */ = {isa = PBXFileReference; lastKnownFileType = file.storyboard; name = Base; path = Base.lproj/LaunchScreen.storyboard; sourceTree = "<group>"; };
		63DF6C942288657D0050F72F /* Info.plist */ = {isa = PBXFileReference; lastKnownFileType = text.plist.xml; path = Info.plist; sourceTree = "<group>"; };
		63DF6C9C228866150050F72F /* StickyHeaderCollectionViewcontroller.swift */ = {isa = PBXFileReference; lastKnownFileType = sourcecode.swift; path = StickyHeaderCollectionViewcontroller.swift; sourceTree = "<group>"; };
		63DF6C9E22886BE50050F72F /* UICollectionViewHeaderView.swift */ = {isa = PBXFileReference; lastKnownFileType = sourcecode.swift; path = UICollectionViewHeaderView.swift; sourceTree = "<group>"; };
		63DF6CA4228873A10050F72F /* CustomCollectionViewFlowLayout.swift */ = {isa = PBXFileReference; lastKnownFileType = sourcecode.swift; path = CustomCollectionViewFlowLayout.swift; sourceTree = "<group>"; };
/* End PBXFileReference section */

/* Begin PBXFrameworksBuildPhase section */
		63DF6C822288657C0050F72F /* Frameworks */ = {
			isa = PBXFrameworksBuildPhase;
			buildActionMask = 2147483647;
			files = (
			);
			runOnlyForDeploymentPostprocessing = 0;
		};
/* End PBXFrameworksBuildPhase section */

/* Begin PBXGroup section */
		63DF6C7C2288657C0050F72F = {
			isa = PBXGroup;
			children = (
				63DF6C872288657C0050F72F /* UICollectionViewHeaderSticky */,
				63DF6C862288657C0050F72F /* Products */,
			);
			sourceTree = "<group>";
		};
		63DF6C862288657C0050F72F /* Products */ = {
			isa = PBXGroup;
			children = (
				63DF6C852288657C0050F72F /* UICollectionViewHeaderSticky.app */,
			);
			name = Products;
			sourceTree = "<group>";
		};
		63DF6C872288657C0050F72F /* UICollectionViewHeaderSticky */ = {
			isa = PBXGroup;
			children = (
				63DF6CA022886DAD0050F72F /* Header */,
				63DF6C882288657C0050F72F /* AppDelegate.swift */,
				63DF6C8A2288657C0050F72F /* ViewController.swift */,
				63DF6C8C2288657C0050F72F /* Main.storyboard */,
				63DF6C8F2288657D0050F72F /* Assets.xcassets */,
				63DF6C912288657D0050F72F /* LaunchScreen.storyboard */,
				63DF6C942288657D0050F72F /* Info.plist */,
				63DF6C9C228866150050F72F /* StickyHeaderCollectionViewcontroller.swift */,
				63DF6CA4228873A10050F72F /* CustomCollectionViewFlowLayout.swift */,
			);
			path = UICollectionViewHeaderSticky;
			sourceTree = "<group>";
		};
		63DF6CA022886DAD0050F72F /* Header */ = {
			isa = PBXGroup;
			children = (
				63DF6C9E22886BE50050F72F /* UICollectionViewHeaderView.swift */,
			);
			path = Header;
			sourceTree = "<group>";
		};
/* End PBXGroup section */

/* Begin PBXNativeTarget section */
		63DF6C842288657C0050F72F /* UICollectionViewHeaderSticky */ = {
			isa = PBXNativeTarget;
			buildConfigurationList = 63DF6C972288657D0050F72F /* Build configuration list for PBXNativeTarget "UICollectionViewHeaderSticky" */;
			buildPhases = (
				63DF6C812288657C0050F72F /* Sources */,
				63DF6C822288657C0050F72F /* Frameworks */,
				63DF6C832288657C0050F72F /* Resources */,
			);
			buildRules = (
			);
			dependencies = (
			);
			name = UICollectionViewHeaderSticky;
			productName = UICollectionViewHeaderSticky;
			productReference = 63DF6C852288657C0050F72F /* UICollectionViewHeaderSticky.app */;
			productType = "com.apple.product-type.application";
		};
/* End PBXNativeTarget section */

/* Begin PBXProject section */
		63DF6C7D2288657C0050F72F /* Project object */ = {
			isa = PBXProject;
			attributes = {
				LastSwiftUpdateCheck = 1000;
				LastUpgradeCheck = 1000;
				ORGANIZATIONNAME = "Iragam Reddy, Sreekanth Reddy";
				TargetAttributes = {
					63DF6C842288657C0050F72F = {
						CreatedOnToolsVersion = 10.0;
					};
				};
			};
			buildConfigurationList = 63DF6C802288657C0050F72F /* Build configuration list for PBXProject "UICollectionViewHeaderSticky" */;
			compatibilityVersion = "Xcode 9.3";
			developmentRegion = en;
			hasScannedForEncodings = 0;
			knownRegions = (
				en,
				Base,
			);
			mainGroup = 63DF6C7C2288657C0050F72F;
			productRefGroup = 63DF6C862288657C0050F72F /* Products */;
			projectDirPath = "";
			projectRoot = "";
			targets = (
				63DF6C842288657C0050F72F /* UICollectionViewHeaderSticky */,
			);
		};
/* End PBXProject section */

/* Begin PBXResourcesBuildPhase section */
		63DF6C832288657C0050F72F /* Resources */ = {
			isa = PBXResourcesBuildPhase;
			buildActionMask = 2147483647;
			files = (
				63DF6C932288657D0050F72F /* LaunchScreen.storyboard in Resources */,
				63DF6C902288657D0050F72F /* Assets.xcassets in Resources */,
				63DF6C8E2288657C0050F72F /* Main.storyboard in Resources */,
			);
			runOnlyForDeploymentPostprocessing = 0;
		};
/* End PBXResourcesBuildPhase section */

/* Begin PBXSourcesBuildPhase section */
		63DF6C812288657C0050F72F /* Sources */ = {
			isa = PBXSourcesBuildPhase;
			buildActionMask = 2147483647;
			files = (
				63DF6C9F22886BE50050F72F /* UICollectionViewHeaderView.swift in Sources */,
				63DF6C8B2288657C0050F72F /* ViewController.swift in Sources */,
				63DF6C9D228866150050F72F /* StickyHeaderCollectionViewcontroller.swift in Sources */,
				63DF6CA5228873A10050F72F /* CustomCollectionViewFlowLayout.swift in Sources */,
				63DF6C892288657C0050F72F /* AppDelegate.swift in Sources */,
			);
			runOnlyForDeploymentPostprocessing = 0;
		};
/* End PBXSourcesBuildPhase section */

/* Begin PBXVariantGroup section */
		63DF6C8C2288657C0050F72F /* Main.storyboard */ = {
			isa = PBXVariantGroup;
			children = (
				63DF6C8D2288657C0050F72F /* Base */,
			);
			name = Main.storyboard;
			sourceTree = "<group>";
		};
		63DF6C912288657D0050F72F /* LaunchScreen.storyboard */ = {
			isa = PBXVariantGroup;
			children = (
				63DF6C922288657D0050F72F /* Base */,
			);
			name = LaunchScreen.storyboard;
			sourceTree = "<group>";
		};
/* End PBXVariantGroup section */

/* Begin XCBuildConfiguration section */
		63DF6C952288657D0050F72F /* Debug */ = {
			isa = XCBuildConfiguration;
			buildSettings = {
				ALWAYS_SEARCH_USER_PATHS = NO;
				CLANG_ANALYZER_NONNULL = YES;
				CLANG_ANALYZER_NUMBER_OBJECT_CONVERSION = YES_AGGRESSIVE;
				CLANG_CXX_LANGUAGE_STANDARD = "gnu++14";
				CLANG_CXX_LIBRARY = "libc++";
				CLANG_ENABLE_MODULES = YES;
				CLANG_ENABLE_OBJC_ARC = YES;
				CLANG_ENABLE_OBJC_WEAK = YES;
				CLANG_WARN_BLOCK_CAPTURE_AUTORELEASING = YES;
				CLANG_WARN_BOOL_CONVERSION = YES;
				CLANG_WARN_COMMA = YES;
				CLANG_WARN_CONSTANT_CONVERSION = YES;
				CLANG_WARN_DEPRECATED_OBJC_IMPLEMENTATIONS = YES;
				CLANG_WARN_DIRECT_OBJC_ISA_USAGE = YES_ERROR;
				CLANG_WARN_DOCUMENTATION_COMMENTS = YES;
				CLANG_WARN_EMPTY_BODY = YES;
				CLANG_WARN_ENUM_CONVERSION = YES;
				CLANG_WARN_INFINITE_RECURSION = YES;
				CLANG_WARN_INT_CONVERSION = YES;
				CLANG_WARN_NON_LITERAL_NULL_CONVERSION = YES;
				CLANG_WARN_OBJC_IMPLICIT_RETAIN_SELF = YES;
				CLANG_WARN_OBJC_LITERAL_CONVERSION = YES;
				CLANG_WARN_OBJC_ROOT_CLASS = YES_ERROR;
				CLANG_WARN_RANGE_LOOP_ANALYSIS = YES;
				CLANG_WARN_STRICT_PROTOTYPES = YES;
				CLANG_WARN_SUSPICIOUS_MOVE = YES;
				CLANG_WARN_UNGUARDED_AVAILABILITY = YES_AGGRESSIVE;
				CLANG_WARN_UNREACHABLE_CODE = YES;
				CLANG_WARN__DUPLICATE_METHOD_MATCH = YES;
				CODE_SIGN_IDENTITY = "iPhone Developer";
				COPY_PHASE_STRIP = NO;
				DEBUG_INFORMATION_FORMAT = dwarf;
				ENABLE_STRICT_OBJC_MSGSEND = YES;
				ENABLE_TESTABILITY = YES;
				GCC_C_LANGUAGE_STANDARD = gnu11;
				GCC_DYNAMIC_NO_PIC = NO;
				GCC_NO_COMMON_BLOCKS = YES;
				GCC_OPTIMIZATION_LEVEL = 0;
				GCC_PREPROCESSOR_DEFINITIONS = (
					"DEBUG=1",
					"$(inherited)",
				);
				GCC_WARN_64_TO_32_BIT_CONVERSION = YES;
				GCC_WARN_ABOUT_RETURN_TYPE = YES_ERROR;
				GCC_WARN_UNDECLARED_SELECTOR = YES;
				GCC_WARN_UNINITIALIZED_AUTOS = YES_AGGRESSIVE;
				GCC_WARN_UNUSED_FUNCTION = YES;
				GCC_WARN_UNUSED_VARIABLE = YES;
				IPHONEOS_DEPLOYMENT_TARGET = 12.0;
				MTL_ENABLE_DEBUG_INFO = INCLUDE_SOURCE;
				MTL_FAST_MATH = YES;
				ONLY_ACTIVE_ARCH = YES;
				SDKROOT = iphoneos;
				SWIFT_ACTIVE_COMPILATION_CONDITIONS = DEBUG;
				SWIFT_OPTIMIZATION_LEVEL = "-Onone";
			};
			name = Debug;
		};
		63DF6C962288657D0050F72F /* Release */ = {
			isa = XCBuildConfiguration;
			buildSettings = {
				ALWAYS_SEARCH_USER_PATHS = NO;
				CLANG_ANALYZER_NONNULL = YES;
				CLANG_ANALYZER_NUMBER_OBJECT_CONVERSION = YES_AGGRESSIVE;
				CLANG_CXX_LANGUAGE_STANDARD = "gnu++14";
				CLANG_CXX_LIBRARY = "libc++";
				CLANG_ENABLE_MODULES = YES;
				CLANG_ENABLE_OBJC_ARC = YES;
				CLANG_ENABLE_OBJC_WEAK = YES;
				CLANG_WARN_BLOCK_CAPTURE_AUTORELEASING = YES;
				CLANG_WARN_BOOL_CONVERSION = YES;
				CLANG_WARN_COMMA = YES;
				CLANG_WARN_CONSTANT_CONVERSION = YES;
				CLANG_WARN_DEPRECATED_OBJC_IMPLEMENTATIONS = YES;
				CLANG_WARN_DIRECT_OBJC_ISA_USAGE = YES_ERROR;
				CLANG_WARN_DOCUMENTATION_COMMENTS = YES;
				CLANG_WARN_EMPTY_BODY = YES;
				CLANG_WARN_ENUM_CONVERSION = YES;
				CLANG_WARN_INFINITE_RECURSION = YES;
				CLANG_WARN_INT_CONVERSION = YES;
				CLANG_WARN_NON_LITERAL_NULL_CONVERSION = YES;
				CLANG_WARN_OBJC_IMPLICIT_RETAIN_SELF = YES;
				CLANG_WARN_OBJC_LITERAL_CONVERSION = YES;
				CLANG_WARN_OBJC_ROOT_CLASS = YES_ERROR;
				CLANG_WARN_RANGE_LOOP_ANALYSIS = YES;
				CLANG_WARN_STRICT_PROTOTYPES = YES;
				CLANG_WARN_SUSPICIOUS_MOVE = YES;
				CLANG_WARN_UNGUARDED_AVAILABILITY = YES_AGGRESSIVE;
				CLANG_WARN_UNREACHABLE_CODE = YES;
				CLANG_WARN__DUPLICATE_METHOD_MATCH = YES;
				CODE_SIGN_IDENTITY = "iPhone Developer";
				COPY_PHASE_STRIP = NO;
				DEBUG_INFORMATION_FORMAT = "dwarf-with-dsym";
				ENABLE_NS_ASSERTIONS = NO;
				ENABLE_STRICT_OBJC_MSGSEND = YES;
				GCC_C_LANGUAGE_STANDARD = gnu11;
				GCC_NO_COMMON_BLOCKS = YES;
				GCC_WARN_64_TO_32_BIT_CONVERSION = YES;
				GCC_WARN_ABOUT_RETURN_TYPE = YES_ERROR;
				GCC_WARN_UNDECLARED_SELECTOR = YES;
				GCC_WARN_UNINITIALIZED_AUTOS = YES_AGGRESSIVE;
				GCC_WARN_UNUSED_FUNCTION = YES;
				GCC_WARN_UNUSED_VARIABLE = YES;
				IPHONEOS_DEPLOYMENT_TARGET = 12.0;
				MTL_ENABLE_DEBUG_INFO = NO;
				MTL_FAST_MATH = YES;
				SDKROOT = iphoneos;
				SWIFT_COMPILATION_MODE = wholemodule;
				SWIFT_OPTIMIZATION_LEVEL = "-O";
				VALIDATE_PRODUCT = YES;
			};
			name = Release;
		};
		63DF6C982288657D0050F72F /* Debug */ = {
			isa = XCBuildConfiguration;
			buildSettings = {
				ASSETCATALOG_COMPILER_APPICON_NAME = AppIcon;
				CODE_SIGN_STYLE = Automatic;
				INFOPLIST_FILE = UICollectionViewHeaderSticky/Info.plist;
				LD_RUNPATH_SEARCH_PATHS = (
					"$(inherited)",
					"@executable_path/Frameworks",
				);
				PRODUCT_BUNDLE_IDENTIFIER = new.universal.collectionsticky.UICollectionViewHeaderSticky;
				PRODUCT_NAME = "$(TARGET_NAME)";
				SWIFT_VERSION = 4.2;
				TARGETED_DEVICE_FAMILY = "1,2";
			};
			name = Debug;
		};
		63DF6C992288657D0050F72F /* Release */ = {
			isa = XCBuildConfiguration;
			buildSettings = {
				ASSETCATALOG_COMPILER_APPICON_NAME = AppIcon;
				CODE_SIGN_STYLE = Automatic;
				INFOPLIST_FILE = UICollectionViewHeaderSticky/Info.plist;
				LD_RUNPATH_SEARCH_PATHS = (
					"$(inherited)",
					"@executable_path/Frameworks",
				);
				PRODUCT_BUNDLE_IDENTIFIER = new.universal.collectionsticky.UICollectionViewHeaderSticky;
				PRODUCT_NAME = "$(TARGET_NAME)";
				SWIFT_VERSION = 4.2;
				TARGETED_DEVICE_FAMILY = "1,2";
			};
			name = Release;
		};
/* End XCBuildConfiguration section */

/* Begin XCConfigurationList section */
		63DF6C802288657C0050F72F /* Build configuration list for PBXProject "UICollectionViewHeaderSticky" */ = {
			isa = XCConfigurationList;
			buildConfigurations = (
				63DF6C952288657D0050F72F /* Debug */,
				63DF6C962288657D0050F72F /* Release */,
			);
			defaultConfigurationIsVisible = 0;
			defaultConfigurationName = Release;
		};
		63DF6C972288657D0050F72F /* Build configuration list for PBXNativeTarget "UICollectionViewHeaderSticky" */ = {
			isa = XCConfigurationList;
			buildConfigurations = (
				63DF6C982288657D0050F72F /* Debug */,
				63DF6C992288657D0050F72F /* Release */,
			);
			defaultConfigurationIsVisible = 0;
			defaultConfigurationName = Release;
		};
/* End XCConfigurationList section */
	};
	rootObject = 63DF6C7D2288657C0050F72F /* Project object */;
}
